
Microsoft Visual Studio Solution File, Format Version 12.00
# Visual Studio Version 16
VisualStudioVersion = 16.0.30804.86
MinimumVisualStudioVersion = 10.0.40219.1
Project("{FAE04EC0-301F-11D3-BF4B-00C04F79EFBC}") = "problema15", "problema15.csproj", "{732A6648-98FD-4CF3-AD83-1BE5E0AA6597}"
EndProject
Global
	GlobalSection(SolutionConfigurationPlatforms) = preSolution
		Debug|Any CPU = Debug|Any CPU
		Release|Any CPU = Release|Any CPU
	EndGlobalSection
	GlobalSection(ProjectConfigurationPlatforms) = postSolution
		{732A6648-98FD-4CF3-AD83-1BE5E0AA6597}.Debug|Any CPU.ActiveCfg = Debug|Any CPU
		{732A6648-98FD-4CF3-AD83-1BE5E0AA6597}.Debug|Any CPU.Build.0 = Debug|Any CPU
		{732A6648-98FD-4CF3-AD83-1BE5E0AA6597}.Release|Any CPU.ActiveCfg = Release|Any CPU
		{732A6648-98FD-4CF3-AD83-1BE5E0AA6597}.Release|Any CPU.Build.0 = Release|Any CPU
	EndGlobalSection
	GlobalSection(SolutionProperties) = preSolution
		HideSolutionNode = FALSE
	EndGlobalSection
	GlobalSection(ExtensibilityGlobals) = postSolution
		SolutionGuid = {5F97F06C-7F75-4A82-BD6D-2D9126E3F75B}
	EndGlobalSection
EndGlobal
