
Microsoft Visual Studio Solution File, Format Version 12.00
# Visual Studio Version 16
VisualStudioVersion = 16.0.30804.86
MinimumVisualStudioVersion = 10.0.40219.1
Project("{FAE04EC0-301F-11D3-BF4B-00C04F79EFBC}") = "problema3", "problema3.csproj", "{384A777D-00E6-4B3C-BC4C-6DA7D0FCA66F}"
EndProject
Global
	GlobalSection(SolutionConfigurationPlatforms) = preSolution
		Debug|Any CPU = Debug|Any CPU
		Release|Any CPU = Release|Any CPU
	EndGlobalSection
	GlobalSection(ProjectConfigurationPlatforms) = postSolution
		{384A777D-00E6-4B3C-BC4C-6DA7D0FCA66F}.Debug|Any CPU.ActiveCfg = Debug|Any CPU
		{384A777D-00E6-4B3C-BC4C-6DA7D0FCA66F}.Debug|Any CPU.Build.0 = Debug|Any CPU
		{384A777D-00E6-4B3C-BC4C-6DA7D0FCA66F}.Release|Any CPU.ActiveCfg = Release|Any CPU
		{384A777D-00E6-4B3C-BC4C-6DA7D0FCA66F}.Release|Any CPU.Build.0 = Release|Any CPU
	EndGlobalSection
	GlobalSection(SolutionProperties) = preSolution
		HideSolutionNode = FALSE
	EndGlobalSection
	GlobalSection(ExtensibilityGlobals) = postSolution
		SolutionGuid = {B9F7030A-6E23-4A2B-B19A-28063857C3E3}
	EndGlobalSection
EndGlobal
