
Microsoft Visual Studio Solution File, Format Version 12.00
# Visual Studio Version 16
VisualStudioVersion = 16.0.30804.86
MinimumVisualStudioVersion = 10.0.40219.1
Project("{FAE04EC0-301F-11D3-BF4B-00C04F79EFBC}") = "Problema1", "Problema1.csproj", "{3FC2CFC9-0305-4FCA-A604-6413D4F3A2CD}"
EndProject
Global
	GlobalSection(SolutionConfigurationPlatforms) = preSolution
		Debug|Any CPU = Debug|Any CPU
		Release|Any CPU = Release|Any CPU
	EndGlobalSection
	GlobalSection(ProjectConfigurationPlatforms) = postSolution
		{3FC2CFC9-0305-4FCA-A604-6413D4F3A2CD}.Debug|Any CPU.ActiveCfg = Debug|Any CPU
		{3FC2CFC9-0305-4FCA-A604-6413D4F3A2CD}.Debug|Any CPU.Build.0 = Debug|Any CPU
		{3FC2CFC9-0305-4FCA-A604-6413D4F3A2CD}.Release|Any CPU.ActiveCfg = Release|Any CPU
		{3FC2CFC9-0305-4FCA-A604-6413D4F3A2CD}.Release|Any CPU.Build.0 = Release|Any CPU
	EndGlobalSection
	GlobalSection(SolutionProperties) = preSolution
		HideSolutionNode = FALSE
	EndGlobalSection
	GlobalSection(ExtensibilityGlobals) = postSolution
		SolutionGuid = {E94FAB6D-F267-45BB-83CB-A8DC076224E6}
	EndGlobalSection
EndGlobal
