
Microsoft Visual Studio Solution File, Format Version 12.00
# Visual Studio Version 16
VisualStudioVersion = 16.0.30804.86
MinimumVisualStudioVersion = 10.0.40219.1
Project("{FAE04EC0-301F-11D3-BF4B-00C04F79EFBC}") = "problema10", "problema10.csproj", "{9FAE5589-774B-4943-BCC7-6DD8F0450360}"
EndProject
Global
	GlobalSection(SolutionConfigurationPlatforms) = preSolution
		Debug|Any CPU = Debug|Any CPU
		Release|Any CPU = Release|Any CPU
	EndGlobalSection
	GlobalSection(ProjectConfigurationPlatforms) = postSolution
		{9FAE5589-774B-4943-BCC7-6DD8F0450360}.Debug|Any CPU.ActiveCfg = Debug|Any CPU
		{9FAE5589-774B-4943-BCC7-6DD8F0450360}.Debug|Any CPU.Build.0 = Debug|Any CPU
		{9FAE5589-774B-4943-BCC7-6DD8F0450360}.Release|Any CPU.ActiveCfg = Release|Any CPU
		{9FAE5589-774B-4943-BCC7-6DD8F0450360}.Release|Any CPU.Build.0 = Release|Any CPU
	EndGlobalSection
	GlobalSection(SolutionProperties) = preSolution
		HideSolutionNode = FALSE
	EndGlobalSection
	GlobalSection(ExtensibilityGlobals) = postSolution
		SolutionGuid = {3EEC1E43-C62D-40D9-B019-71FF5BF8BA2A}
	EndGlobalSection
EndGlobal
